
Microsoft Visual Studio Solution File, Format Version 12.00
# Visual Studio Version 16
VisualStudioVersion = 16.0.28803.156
MinimumVisualStudioVersion = 10.0.40219.1
Project("{FAE04EC0-301F-11D3-BF4B-00C04F79EFBC}") = "LFTERPsys", "LFTERPsys\LFTERPsys.csproj", "{5482978F-5159-4109-8D8C-70BB458FAEB0}"
EndProject
Global
	GlobalSection(SolutionConfigurationPlatforms) = preSolution
		Debug|Any CPU = Debug|Any CPU
		Release|Any CPU = Release|Any CPU
	EndGlobalSection
	GlobalSection(ProjectConfigurationPlatforms) = postSolution
		{5482978F-5159-4109-8D8C-70BB458FAEB0}.Debug|Any CPU.ActiveCfg = Debug|Any CPU
		{5482978F-5159-4109-8D8C-70BB458FAEB0}.Debug|Any CPU.Build.0 = Debug|Any CPU
		{5482978F-5159-4109-8D8C-70BB458FAEB0}.Release|Any CPU.ActiveCfg = Release|Any CPU
		{5482978F-5159-4109-8D8C-70BB458FAEB0}.Release|Any CPU.Build.0 = Release|Any CPU
	EndGlobalSection
	GlobalSection(SolutionProperties) = preSolution
		HideSolutionNode = FALSE
	EndGlobalSection
	GlobalSection(ExtensibilityGlobals) = postSolution
		SolutionGuid = {AD270DED-0E69-46A7-A935-7931E2AD2CB3}
	EndGlobalSection
EndGlobal
